
Microsoft Visual Studio Solution File, Format Version 12.00
# Visual Studio 14
VisualStudioVersion = 14.0.25420.1
MinimumVisualStudioVersion = 10.0.40219.1
Project("{FAE04EC0-301F-11D3-BF4B-00C04F79EFBC}") = "ArucoCSharp", "ArucoCSharp\ArucoCSharp.csproj", "{1787BC9A-C84C-4232-9632-C2E0E924B467}"
EndProject
Project("{8BC9CEB8-8B4A-11D0-8D11-00A0C91BC942}") = "ArucoDll", "ArucoDll\ArucoDll.vcxproj", "{A509253B-0870-4972-86E7-D6D74264E270}"
EndProject
Project("{8BC9CEB8-8B4A-11D0-8D11-00A0C91BC942}") = "TestDllCpp", "TestDllCpp\TestDllCpp.vcxproj", "{2884E631-3C27-43B8-8752-95E73013120D}"
EndProject
Project("{8BC9CEB8-8B4A-11D0-8D11-00A0C91BC942}") = "OpenCVDll", "OpenCVDll\OpenCVDll.vcxproj", "{1979898C-5ECE-4008-8534-056492A5B20A}"
EndProject
Project("{FAE04EC0-301F-11D3-BF4B-00C04F79EFBC}") = "ArucoWrapperConsole", "ArucoWrapperConsole\ArucoWrapperConsole.csproj", "{4E40AB0D-1794-427A-8979-D3972BA0883F}"
EndProject
Project("{FAE04EC0-301F-11D3-BF4B-00C04F79EFBC}") = "WrapperAruco", "WrapperAruco\WrapperAruco.csproj", "{44BE43F8-A6C1-455D-8002-9A6905C6F042}"
EndProject
Project("{FAE04EC0-301F-11D3-BF4B-00C04F79EFBC}") = "OpenCVFormTest", "OpenCVFormTest\OpenCVFormTest.csproj", "{62E1549C-D6A3-4E73-8A46-DF16AA317F9B}"
EndProject
Project("{FAE04EC0-301F-11D3-BF4B-00C04F79EFBC}") = "WrapperAruco_v2", "WrapperAruco_v2\WrapperAruco_v2.csproj", "{BE4479C9-D5DB-4E1B-9921-691F8BB1C94B}"
EndProject
Project("{FAE04EC0-301F-11D3-BF4B-00C04F79EFBC}") = "MY_Aruco", "MY_Aruco\MY_Aruco.csproj", "{69CBCB25-3A9A-4F7D-8D57-CC2A899247E6}"
EndProject
Project("{FAE04EC0-301F-11D3-BF4B-00C04F79EFBC}") = "TestLoadOBJ", "TestLoadOBJ\TestLoadOBJ.csproj", "{67F16760-B2DF-4665-B36A-BA521FE99133}"
EndProject
Project("{FAE04EC0-301F-11D3-BF4B-00C04F79EFBC}") = "OpenTKTutorial7", "..\..\EXISTANT\OpenTKTutorialContent\OpenTKTutorial7\OpenTKTutorial7\OpenTKTutorial7.csproj", "{CE5CD75D-8626-4CD8-83FC-B7A4868DAEC0}"
EndProject
Project("{FAE04EC0-301F-11D3-BF4B-00C04F79EFBC}") = "MY_Aruco_v2", "MY_Aruco_v2\MY_Aruco_v2.csproj", "{DA03E954-EF27-4CC7-A3D6-AD06857A2FED}"
EndProject
Project("{8BC9CEB8-8B4A-11D0-8D11-00A0C91BC942}") = "AruDll", "AruDll\AruDll.vcxproj", "{C2855D9C-2918-40ED-8B8E-AC7A8655CC39}"
EndProject
Project("{8BC9CEB8-8B4A-11D0-8D11-00A0C91BC942}") = "TestDll2", "TestDll2\TestDll2.vcxproj", "{8B33FCEE-9C12-4044-A897-D7556CFC8E97}"
EndProject
Global
	GlobalSection(SolutionConfigurationPlatforms) = preSolution
		Debug|Any CPU = Debug|Any CPU
		Debug|Win32 = Debug|Win32
		Debug|x64 = Debug|x64
		Debug|x86 = Debug|x86
		Release|Any CPU = Release|Any CPU
		Release|Win32 = Release|Win32
		Release|x64 = Release|x64
		Release|x86 = Release|x86
	EndGlobalSection
	GlobalSection(ProjectConfigurationPlatforms) = postSolution
		{1787BC9A-C84C-4232-9632-C2E0E924B467}.Debug|Any CPU.ActiveCfg = Debug|Any CPU
		{1787BC9A-C84C-4232-9632-C2E0E924B467}.Debug|Any CPU.Build.0 = Debug|Any CPU
		{1787BC9A-C84C-4232-9632-C2E0E924B467}.Debug|Win32.ActiveCfg = Debug|Any CPU
		{1787BC9A-C84C-4232-9632-C2E0E924B467}.Debug|Win32.Build.0 = Debug|Any CPU
		{1787BC9A-C84C-4232-9632-C2E0E924B467}.Debug|x64.ActiveCfg = Debug|Any CPU
		{1787BC9A-C84C-4232-9632-C2E0E924B467}.Debug|x64.Build.0 = Debug|Any CPU
		{1787BC9A-C84C-4232-9632-C2E0E924B467}.Debug|x86.ActiveCfg = Debug|Any CPU
		{1787BC9A-C84C-4232-9632-C2E0E924B467}.Debug|x86.Build.0 = Debug|Any CPU
		{1787BC9A-C84C-4232-9632-C2E0E924B467}.Release|Any CPU.ActiveCfg = Release|Any CPU
		{1787BC9A-C84C-4232-9632-C2E0E924B467}.Release|Any CPU.Build.0 = Release|Any CPU
		{1787BC9A-C84C-4232-9632-C2E0E924B467}.Release|Win32.ActiveCfg = Release|Any CPU
		{1787BC9A-C84C-4232-9632-C2E0E924B467}.Release|Win32.Build.0 = Release|Any CPU
		{1787BC9A-C84C-4232-9632-C2E0E924B467}.Release|x64.ActiveCfg = Release|Any CPU
		{1787BC9A-C84C-4232-9632-C2E0E924B467}.Release|x64.Build.0 = Release|Any CPU
		{1787BC9A-C84C-4232-9632-C2E0E924B467}.Release|x86.ActiveCfg = Release|Any CPU
		{1787BC9A-C84C-4232-9632-C2E0E924B467}.Release|x86.Build.0 = Release|Any CPU
		{A509253B-0870-4972-86E7-D6D74264E270}.Debug|Any CPU.ActiveCfg = Debug|Win32
		{A509253B-0870-4972-86E7-D6D74264E270}.Debug|Win32.ActiveCfg = Debug|Win32
		{A509253B-0870-4972-86E7-D6D74264E270}.Debug|Win32.Build.0 = Debug|Win32
		{A509253B-0870-4972-86E7-D6D74264E270}.Debug|x64.ActiveCfg = Debug|x64
		{A509253B-0870-4972-86E7-D6D74264E270}.Debug|x64.Build.0 = Debug|x64
		{A509253B-0870-4972-86E7-D6D74264E270}.Debug|x86.ActiveCfg = Debug|Win32
		{A509253B-0870-4972-86E7-D6D74264E270}.Debug|x86.Build.0 = Debug|Win32
		{A509253B-0870-4972-86E7-D6D74264E270}.Release|Any CPU.ActiveCfg = Release|Win32
		{A509253B-0870-4972-86E7-D6D74264E270}.Release|Win32.ActiveCfg = Release|Win32
		{A509253B-0870-4972-86E7-D6D74264E270}.Release|Win32.Build.0 = Release|Win32
		{A509253B-0870-4972-86E7-D6D74264E270}.Release|x64.ActiveCfg = Release|x64
		{A509253B-0870-4972-86E7-D6D74264E270}.Release|x64.Build.0 = Release|x64
		{A509253B-0870-4972-86E7-D6D74264E270}.Release|x86.ActiveCfg = Release|Win32
		{A509253B-0870-4972-86E7-D6D74264E270}.Release|x86.Build.0 = Release|Win32
		{2884E631-3C27-43B8-8752-95E73013120D}.Debug|Any CPU.ActiveCfg = Debug|Win32
		{2884E631-3C27-43B8-8752-95E73013120D}.Debug|Win32.ActiveCfg = Debug|Win32
		{2884E631-3C27-43B8-8752-95E73013120D}.Debug|Win32.Build.0 = Debug|Win32
		{2884E631-3C27-43B8-8752-95E73013120D}.Debug|x64.ActiveCfg = Debug|x64
		{2884E631-3C27-43B8-8752-95E73013120D}.Debug|x64.Build.0 = Debug|x64
		{2884E631-3C27-43B8-8752-95E73013120D}.Debug|x86.ActiveCfg = Debug|Win32
		{2884E631-3C27-43B8-8752-95E73013120D}.Debug|x86.Build.0 = Debug|Win32
		{2884E631-3C27-43B8-8752-95E73013120D}.Release|Any CPU.ActiveCfg = Release|Win32
		{2884E631-3C27-43B8-8752-95E73013120D}.Release|Win32.ActiveCfg = Release|Win32
		{2884E631-3C27-43B8-8752-95E73013120D}.Release|Win32.Build.0 = Release|Win32
		{2884E631-3C27-43B8-8752-95E73013120D}.Release|x64.ActiveCfg = Release|x64
		{2884E631-3C27-43B8-8752-95E73013120D}.Release|x64.Build.0 = Release|x64
		{2884E631-3C27-43B8-8752-95E73013120D}.Release|x86.ActiveCfg = Release|Win32
		{2884E631-3C27-43B8-8752-95E73013120D}.Release|x86.Build.0 = Release|Win32
		{1979898C-5ECE-4008-8534-056492A5B20A}.Debug|Any CPU.ActiveCfg = Debug|Win32
		{1979898C-5ECE-4008-8534-056492A5B20A}.Debug|Win32.ActiveCfg = Debug|Win32
		{1979898C-5ECE-4008-8534-056492A5B20A}.Debug|Win32.Build.0 = Debug|Win32
		{1979898C-5ECE-4008-8534-056492A5B20A}.Debug|x64.ActiveCfg = Debug|x64
		{1979898C-5ECE-4008-8534-056492A5B20A}.Debug|x64.Build.0 = Debug|x64
		{1979898C-5ECE-4008-8534-056492A5B20A}.Debug|x86.ActiveCfg = Debug|Win32
		{1979898C-5ECE-4008-8534-056492A5B20A}.Debug|x86.Build.0 = Debug|Win32
		{1979898C-5ECE-4008-8534-056492A5B20A}.Release|Any CPU.ActiveCfg = Release|Win32
		{1979898C-5ECE-4008-8534-056492A5B20A}.Release|Win32.ActiveCfg = Release|Win32
		{1979898C-5ECE-4008-8534-056492A5B20A}.Release|Win32.Build.0 = Release|Win32
		{1979898C-5ECE-4008-8534-056492A5B20A}.Release|x64.ActiveCfg = Release|x64
		{1979898C-5ECE-4008-8534-056492A5B20A}.Release|x64.Build.0 = Release|x64
		{1979898C-5ECE-4008-8534-056492A5B20A}.Release|x86.ActiveCfg = Release|Win32
		{1979898C-5ECE-4008-8534-056492A5B20A}.Release|x86.Build.0 = Release|Win32
		{4E40AB0D-1794-427A-8979-D3972BA0883F}.Debug|Any CPU.ActiveCfg = Debug|Any CPU
		{4E40AB0D-1794-427A-8979-D3972BA0883F}.Debug|Any CPU.Build.0 = Debug|Any CPU
		{4E40AB0D-1794-427A-8979-D3972BA0883F}.Debug|Win32.ActiveCfg = Debug|Any CPU
		{4E40AB0D-1794-427A-8979-D3972BA0883F}.Debug|Win32.Build.0 = Debug|Any CPU
		{4E40AB0D-1794-427A-8979-D3972BA0883F}.Debug|x64.ActiveCfg = Debug|Any CPU
		{4E40AB0D-1794-427A-8979-D3972BA0883F}.Debug|x64.Build.0 = Debug|Any CPU
		{4E40AB0D-1794-427A-8979-D3972BA0883F}.Debug|x86.ActiveCfg = Debug|Any CPU
		{4E40AB0D-1794-427A-8979-D3972BA0883F}.Debug|x86.Build.0 = Debug|Any CPU
		{4E40AB0D-1794-427A-8979-D3972BA0883F}.Release|Any CPU.ActiveCfg = Release|Any CPU
		{4E40AB0D-1794-427A-8979-D3972BA0883F}.Release|Any CPU.Build.0 = Release|Any CPU
		{4E40AB0D-1794-427A-8979-D3972BA0883F}.Release|Win32.ActiveCfg = Release|Any CPU
		{4E40AB0D-1794-427A-8979-D3972BA0883F}.Release|Win32.Build.0 = Release|Any CPU
		{4E40AB0D-1794-427A-8979-D3972BA0883F}.Release|x64.ActiveCfg = Release|Any CPU
		{4E40AB0D-1794-427A-8979-D3972BA0883F}.Release|x64.Build.0 = Release|Any CPU
		{4E40AB0D-1794-427A-8979-D3972BA0883F}.Release|x86.ActiveCfg = Release|Any CPU
		{4E40AB0D-1794-427A-8979-D3972BA0883F}.Release|x86.Build.0 = Release|Any CPU
		{44BE43F8-A6C1-455D-8002-9A6905C6F042}.Debug|Any CPU.ActiveCfg = Debug|Any CPU
		{44BE43F8-A6C1-455D-8002-9A6905C6F042}.Debug|Any CPU.Build.0 = Debug|Any CPU
		{44BE43F8-A6C1-455D-8002-9A6905C6F042}.Debug|Win32.ActiveCfg = Debug|Any CPU
		{44BE43F8-A6C1-455D-8002-9A6905C6F042}.Debug|Win32.Build.0 = Debug|Any CPU
		{44BE43F8-A6C1-455D-8002-9A6905C6F042}.Debug|x64.ActiveCfg = Debug|Any CPU
		{44BE43F8-A6C1-455D-8002-9A6905C6F042}.Debug|x64.Build.0 = Debug|Any CPU
		{44BE43F8-A6C1-455D-8002-9A6905C6F042}.Debug|x86.ActiveCfg = Debug|Any CPU
		{44BE43F8-A6C1-455D-8002-9A6905C6F042}.Debug|x86.Build.0 = Debug|Any CPU
		{44BE43F8-A6C1-455D-8002-9A6905C6F042}.Release|Any CPU.ActiveCfg = Release|Any CPU
		{44BE43F8-A6C1-455D-8002-9A6905C6F042}.Release|Any CPU.Build.0 = Release|Any CPU
		{44BE43F8-A6C1-455D-8002-9A6905C6F042}.Release|Win32.ActiveCfg = Release|Any CPU
		{44BE43F8-A6C1-455D-8002-9A6905C6F042}.Release|Win32.Build.0 = Release|Any CPU
		{44BE43F8-A6C1-455D-8002-9A6905C6F042}.Release|x64.ActiveCfg = Release|Any CPU
		{44BE43F8-A6C1-455D-8002-9A6905C6F042}.Release|x64.Build.0 = Release|Any CPU
		{44BE43F8-A6C1-455D-8002-9A6905C6F042}.Release|x86.ActiveCfg = Release|Any CPU
		{44BE43F8-A6C1-455D-8002-9A6905C6F042}.Release|x86.Build.0 = Release|Any CPU
		{62E1549C-D6A3-4E73-8A46-DF16AA317F9B}.Debug|Any CPU.ActiveCfg = Debug|Any CPU
		{62E1549C-D6A3-4E73-8A46-DF16AA317F9B}.Debug|Any CPU.Build.0 = Debug|Any CPU
		{62E1549C-D6A3-4E73-8A46-DF16AA317F9B}.Debug|Win32.ActiveCfg = Debug|Any CPU
		{62E1549C-D6A3-4E73-8A46-DF16AA317F9B}.Debug|Win32.Build.0 = Debug|Any CPU
		{62E1549C-D6A3-4E73-8A46-DF16AA317F9B}.Debug|x64.ActiveCfg = Debug|Any CPU
		{62E1549C-D6A3-4E73-8A46-DF16AA317F9B}.Debug|x64.Build.0 = Debug|Any CPU
		{62E1549C-D6A3-4E73-8A46-DF16AA317F9B}.Debug|x86.ActiveCfg = Debug|Any CPU
		{62E1549C-D6A3-4E73-8A46-DF16AA317F9B}.Debug|x86.Build.0 = Debug|Any CPU
		{62E1549C-D6A3-4E73-8A46-DF16AA317F9B}.Release|Any CPU.ActiveCfg = Release|Any CPU
		{62E1549C-D6A3-4E73-8A46-DF16AA317F9B}.Release|Any CPU.Build.0 = Release|Any CPU
		{62E1549C-D6A3-4E73-8A46-DF16AA317F9B}.Release|Win32.ActiveCfg = Release|Any CPU
		{62E1549C-D6A3-4E73-8A46-DF16AA317F9B}.Release|Win32.Build.0 = Release|Any CPU
		{62E1549C-D6A3-4E73-8A46-DF16AA317F9B}.Release|x64.ActiveCfg = Release|Any CPU
		{62E1549C-D6A3-4E73-8A46-DF16AA317F9B}.Release|x64.Build.0 = Release|Any CPU
		{62E1549C-D6A3-4E73-8A46-DF16AA317F9B}.Release|x86.ActiveCfg = Release|Any CPU
		{62E1549C-D6A3-4E73-8A46-DF16AA317F9B}.Release|x86.Build.0 = Release|Any CPU
		{BE4479C9-D5DB-4E1B-9921-691F8BB1C94B}.Debug|Any CPU.ActiveCfg = Debug|Any CPU
		{BE4479C9-D5DB-4E1B-9921-691F8BB1C94B}.Debug|Any CPU.Build.0 = Debug|Any CPU
		{BE4479C9-D5DB-4E1B-9921-691F8BB1C94B}.Debug|Win32.ActiveCfg = Debug|Any CPU
		{BE4479C9-D5DB-4E1B-9921-691F8BB1C94B}.Debug|Win32.Build.0 = Debug|Any CPU
		{BE4479C9-D5DB-4E1B-9921-691F8BB1C94B}.Debug|x64.ActiveCfg = Debug|Any CPU
		{BE4479C9-D5DB-4E1B-9921-691F8BB1C94B}.Debug|x64.Build.0 = Debug|Any CPU
		{BE4479C9-D5DB-4E1B-9921-691F8BB1C94B}.Debug|x86.ActiveCfg = Debug|Any CPU
		{BE4479C9-D5DB-4E1B-9921-691F8BB1C94B}.Debug|x86.Build.0 = Debug|Any CPU
		{BE4479C9-D5DB-4E1B-9921-691F8BB1C94B}.Release|Any CPU.ActiveCfg = Release|Any CPU
		{BE4479C9-D5DB-4E1B-9921-691F8BB1C94B}.Release|Any CPU.Build.0 = Release|Any CPU
		{BE4479C9-D5DB-4E1B-9921-691F8BB1C94B}.Release|Win32.ActiveCfg = Release|Any CPU
		{BE4479C9-D5DB-4E1B-9921-691F8BB1C94B}.Release|Win32.Build.0 = Release|Any CPU
		{BE4479C9-D5DB-4E1B-9921-691F8BB1C94B}.Release|x64.ActiveCfg = Release|Any CPU
		{BE4479C9-D5DB-4E1B-9921-691F8BB1C94B}.Release|x64.Build.0 = Release|Any CPU
		{BE4479C9-D5DB-4E1B-9921-691F8BB1C94B}.Release|x86.ActiveCfg = Release|Any CPU
		{BE4479C9-D5DB-4E1B-9921-691F8BB1C94B}.Release|x86.Build.0 = Release|Any CPU
		{69CBCB25-3A9A-4F7D-8D57-CC2A899247E6}.Debug|Any CPU.ActiveCfg = Debug|Any CPU
		{69CBCB25-3A9A-4F7D-8D57-CC2A899247E6}.Debug|Any CPU.Build.0 = Debug|Any CPU
		{69CBCB25-3A9A-4F7D-8D57-CC2A899247E6}.Debug|Win32.ActiveCfg = Debug|Any CPU
		{69CBCB25-3A9A-4F7D-8D57-CC2A899247E6}.Debug|Win32.Build.0 = Debug|Any CPU
		{69CBCB25-3A9A-4F7D-8D57-CC2A899247E6}.Debug|x64.ActiveCfg = Debug|Any CPU
		{69CBCB25-3A9A-4F7D-8D57-CC2A899247E6}.Debug|x64.Build.0 = Debug|Any CPU
		{69CBCB25-3A9A-4F7D-8D57-CC2A899247E6}.Debug|x86.ActiveCfg = Debug|Any CPU
		{69CBCB25-3A9A-4F7D-8D57-CC2A899247E6}.Debug|x86.Build.0 = Debug|Any CPU
		{69CBCB25-3A9A-4F7D-8D57-CC2A899247E6}.Release|Any CPU.ActiveCfg = Release|Any CPU
		{69CBCB25-3A9A-4F7D-8D57-CC2A899247E6}.Release|Any CPU.Build.0 = Release|Any CPU
		{69CBCB25-3A9A-4F7D-8D57-CC2A899247E6}.Release|Win32.ActiveCfg = Release|Any CPU
		{69CBCB25-3A9A-4F7D-8D57-CC2A899247E6}.Release|Win32.Build.0 = Release|Any CPU
		{69CBCB25-3A9A-4F7D-8D57-CC2A899247E6}.Release|x64.ActiveCfg = Release|Any CPU
		{69CBCB25-3A9A-4F7D-8D57-CC2A899247E6}.Release|x64.Build.0 = Release|Any CPU
		{69CBCB25-3A9A-4F7D-8D57-CC2A899247E6}.Release|x86.ActiveCfg = Release|Any CPU
		{69CBCB25-3A9A-4F7D-8D57-CC2A899247E6}.Release|x86.Build.0 = Release|Any CPU
		{67F16760-B2DF-4665-B36A-BA521FE99133}.Debug|Any CPU.ActiveCfg = Debug|Any CPU
		{67F16760-B2DF-4665-B36A-BA521FE99133}.Debug|Any CPU.Build.0 = Debug|Any CPU
		{67F16760-B2DF-4665-B36A-BA521FE99133}.Debug|Win32.ActiveCfg = Debug|Any CPU
		{67F16760-B2DF-4665-B36A-BA521FE99133}.Debug|Win32.Build.0 = Debug|Any CPU
		{67F16760-B2DF-4665-B36A-BA521FE99133}.Debug|x64.ActiveCfg = Debug|Any CPU
		{67F16760-B2DF-4665-B36A-BA521FE99133}.Debug|x64.Build.0 = Debug|Any CPU
		{67F16760-B2DF-4665-B36A-BA521FE99133}.Debug|x86.ActiveCfg = Debug|Any CPU
		{67F16760-B2DF-4665-B36A-BA521FE99133}.Debug|x86.Build.0 = Debug|Any CPU
		{67F16760-B2DF-4665-B36A-BA521FE99133}.Release|Any CPU.ActiveCfg = Release|Any CPU
		{67F16760-B2DF-4665-B36A-BA521FE99133}.Release|Any CPU.Build.0 = Release|Any CPU
		{67F16760-B2DF-4665-B36A-BA521FE99133}.Release|Win32.ActiveCfg = Release|Any CPU
		{67F16760-B2DF-4665-B36A-BA521FE99133}.Release|Win32.Build.0 = Release|Any CPU
		{67F16760-B2DF-4665-B36A-BA521FE99133}.Release|x64.ActiveCfg = Release|Any CPU
		{67F16760-B2DF-4665-B36A-BA521FE99133}.Release|x64.Build.0 = Release|Any CPU
		{67F16760-B2DF-4665-B36A-BA521FE99133}.Release|x86.ActiveCfg = Release|Any CPU
		{67F16760-B2DF-4665-B36A-BA521FE99133}.Release|x86.Build.0 = Release|Any CPU
		{CE5CD75D-8626-4CD8-83FC-B7A4868DAEC0}.Debug|Any CPU.ActiveCfg = Debug|x86
		{CE5CD75D-8626-4CD8-83FC-B7A4868DAEC0}.Debug|Win32.ActiveCfg = Debug|x86
		{CE5CD75D-8626-4CD8-83FC-B7A4868DAEC0}.Debug|Win32.Build.0 = Debug|x86
		{CE5CD75D-8626-4CD8-83FC-B7A4868DAEC0}.Debug|x64.ActiveCfg = Debug|x86
		{CE5CD75D-8626-4CD8-83FC-B7A4868DAEC0}.Debug|x86.ActiveCfg = Debug|x86
		{CE5CD75D-8626-4CD8-83FC-B7A4868DAEC0}.Debug|x86.Build.0 = Debug|x86
		{CE5CD75D-8626-4CD8-83FC-B7A4868DAEC0}.Release|Any CPU.ActiveCfg = Release|x86
		{CE5CD75D-8626-4CD8-83FC-B7A4868DAEC0}.Release|Win32.ActiveCfg = Release|x86
		{CE5CD75D-8626-4CD8-83FC-B7A4868DAEC0}.Release|Win32.Build.0 = Release|x86
		{CE5CD75D-8626-4CD8-83FC-B7A4868DAEC0}.Release|x64.ActiveCfg = Release|x86
		{CE5CD75D-8626-4CD8-83FC-B7A4868DAEC0}.Release|x86.ActiveCfg = Release|x86
		{CE5CD75D-8626-4CD8-83FC-B7A4868DAEC0}.Release|x86.Build.0 = Release|x86
		{DA03E954-EF27-4CC7-A3D6-AD06857A2FED}.Debug|Any CPU.ActiveCfg = Debug|Any CPU
		{DA03E954-EF27-4CC7-A3D6-AD06857A2FED}.Debug|Any CPU.Build.0 = Debug|Any CPU
		{DA03E954-EF27-4CC7-A3D6-AD06857A2FED}.Debug|Win32.ActiveCfg = Debug|Any CPU
		{DA03E954-EF27-4CC7-A3D6-AD06857A2FED}.Debug|Win32.Build.0 = Debug|Any CPU
		{DA03E954-EF27-4CC7-A3D6-AD06857A2FED}.Debug|x64.ActiveCfg = Debug|Any CPU
		{DA03E954-EF27-4CC7-A3D6-AD06857A2FED}.Debug|x64.Build.0 = Debug|Any CPU
		{DA03E954-EF27-4CC7-A3D6-AD06857A2FED}.Debug|x86.ActiveCfg = Debug|Any CPU
		{DA03E954-EF27-4CC7-A3D6-AD06857A2FED}.Debug|x86.Build.0 = Debug|Any CPU
		{DA03E954-EF27-4CC7-A3D6-AD06857A2FED}.Release|Any CPU.ActiveCfg = Release|Any CPU
		{DA03E954-EF27-4CC7-A3D6-AD06857A2FED}.Release|Any CPU.Build.0 = Release|Any CPU
		{DA03E954-EF27-4CC7-A3D6-AD06857A2FED}.Release|Win32.ActiveCfg = Release|Any CPU
		{DA03E954-EF27-4CC7-A3D6-AD06857A2FED}.Release|Win32.Build.0 = Release|Any CPU
		{DA03E954-EF27-4CC7-A3D6-AD06857A2FED}.Release|x64.ActiveCfg = Release|Any CPU
		{DA03E954-EF27-4CC7-A3D6-AD06857A2FED}.Release|x64.Build.0 = Release|Any CPU
		{DA03E954-EF27-4CC7-A3D6-AD06857A2FED}.Release|x86.ActiveCfg = Release|Any CPU
		{DA03E954-EF27-4CC7-A3D6-AD06857A2FED}.Release|x86.Build.0 = Release|Any CPU
		{C2855D9C-2918-40ED-8B8E-AC7A8655CC39}.Debug|Any CPU.ActiveCfg = Debug|Win32
		{C2855D9C-2918-40ED-8B8E-AC7A8655CC39}.Debug|Win32.ActiveCfg = Debug|Win32
		{C2855D9C-2918-40ED-8B8E-AC7A8655CC39}.Debug|Win32.Build.0 = Debug|Win32
		{C2855D9C-2918-40ED-8B8E-AC7A8655CC39}.Debug|x64.ActiveCfg = Debug|x64
		{C2855D9C-2918-40ED-8B8E-AC7A8655CC39}.Debug|x64.Build.0 = Debug|x64
		{C2855D9C-2918-40ED-8B8E-AC7A8655CC39}.Debug|x86.ActiveCfg = Debug|Win32
		{C2855D9C-2918-40ED-8B8E-AC7A8655CC39}.Debug|x86.Build.0 = Debug|Win32
		{C2855D9C-2918-40ED-8B8E-AC7A8655CC39}.Release|Any CPU.ActiveCfg = Release|Win32
		{C2855D9C-2918-40ED-8B8E-AC7A8655CC39}.Release|Win32.ActiveCfg = Release|Win32
		{C2855D9C-2918-40ED-8B8E-AC7A8655CC39}.Release|Win32.Build.0 = Release|Win32
		{C2855D9C-2918-40ED-8B8E-AC7A8655CC39}.Release|x64.ActiveCfg = Release|x64
		{C2855D9C-2918-40ED-8B8E-AC7A8655CC39}.Release|x64.Build.0 = Release|x64
		{C2855D9C-2918-40ED-8B8E-AC7A8655CC39}.Release|x86.ActiveCfg = Release|Win32
		{C2855D9C-2918-40ED-8B8E-AC7A8655CC39}.Release|x86.Build.0 = Release|Win32
		{8B33FCEE-9C12-4044-A897-D7556CFC8E97}.Debug|Any CPU.ActiveCfg = Debug|Win32
		{8B33FCEE-9C12-4044-A897-D7556CFC8E97}.Debug|Win32.ActiveCfg = Debug|Win32
		{8B33FCEE-9C12-4044-A897-D7556CFC8E97}.Debug|Win32.Build.0 = Debug|Win32
		{8B33FCEE-9C12-4044-A897-D7556CFC8E97}.Debug|x64.ActiveCfg = Debug|x64
		{8B33FCEE-9C12-4044-A897-D7556CFC8E97}.Debug|x64.Build.0 = Debug|x64
		{8B33FCEE-9C12-4044-A897-D7556CFC8E97}.Debug|x86.ActiveCfg = Debug|Win32
		{8B33FCEE-9C12-4044-A897-D7556CFC8E97}.Debug|x86.Build.0 = Debug|Win32
		{8B33FCEE-9C12-4044-A897-D7556CFC8E97}.Release|Any CPU.ActiveCfg = Release|Win32
		{8B33FCEE-9C12-4044-A897-D7556CFC8E97}.Release|Win32.ActiveCfg = Release|Win32
		{8B33FCEE-9C12-4044-A897-D7556CFC8E97}.Release|Win32.Build.0 = Release|Win32
		{8B33FCEE-9C12-4044-A897-D7556CFC8E97}.Release|x64.ActiveCfg = Release|x64
		{8B33FCEE-9C12-4044-A897-D7556CFC8E97}.Release|x64.Build.0 = Release|x64
		{8B33FCEE-9C12-4044-A897-D7556CFC8E97}.Release|x86.ActiveCfg = Release|Win32
		{8B33FCEE-9C12-4044-A897-D7556CFC8E97}.Release|x86.Build.0 = Release|Win32
	EndGlobalSection
	GlobalSection(SolutionProperties) = preSolution
		HideSolutionNode = FALSE
	EndGlobalSection
EndGlobal
